
Microsoft Visual Studio Solution File, Format Version 12.00
# Visual Studio 15
VisualStudioVersion = 15.0.28307.168
MinimumVisualStudioVersion = 10.0.40219.1
Project("{FAE04EC0-301F-11D3-BF4B-00C04F79EFBC}") = "SmartTaskbar", "SmartTaskbar\SmartTaskbar.csproj", "{887B1841-BC8B-403B-9D66-EC966F70EEA4}"
EndProject
Project("{FAE04EC0-301F-11D3-BF4B-00C04F79EFBC}") = "SmartTaskbar.Core", "SmartTaskbar.Core\SmartTaskbar.Core.csproj", "{1675305E-D054-4367-A1D2-BB7A1AF4F00C}"
EndProject
Project("{FAE04EC0-301F-11D3-BF4B-00C04F79EFBC}") = "SmartTaskbar.Infrastructure", "SmartTaskbar.Infrastructure\SmartTaskbar.Infrastructure.csproj", "{4BCD91D9-7853-4DA1-9CCB-D713D52D0322}"
EndProject
Global
	GlobalSection(SolutionConfigurationPlatforms) = preSolution
		Debug|Any CPU = Debug|Any CPU
		Release|Any CPU = Release|Any CPU
	EndGlobalSection
	GlobalSection(ProjectConfigurationPlatforms) = postSolution
		{887B1841-BC8B-403B-9D66-EC966F70EEA4}.Debug|Any CPU.ActiveCfg = Debug|Any CPU
		{887B1841-BC8B-403B-9D66-EC966F70EEA4}.Debug|Any CPU.Build.0 = Debug|Any CPU
		{887B1841-BC8B-403B-9D66-EC966F70EEA4}.Release|Any CPU.ActiveCfg = Release|Any CPU
		{887B1841-BC8B-403B-9D66-EC966F70EEA4}.Release|Any CPU.Build.0 = Release|Any CPU
		{1675305E-D054-4367-A1D2-BB7A1AF4F00C}.Debug|Any CPU.ActiveCfg = Debug|Any CPU
		{1675305E-D054-4367-A1D2-BB7A1AF4F00C}.Debug|Any CPU.Build.0 = Debug|Any CPU
		{1675305E-D054-4367-A1D2-BB7A1AF4F00C}.Release|Any CPU.ActiveCfg = Release|Any CPU
		{1675305E-D054-4367-A1D2-BB7A1AF4F00C}.Release|Any CPU.Build.0 = Release|Any CPU
		{4BCD91D9-7853-4DA1-9CCB-D713D52D0322}.Debug|Any CPU.ActiveCfg = Debug|Any CPU
		{4BCD91D9-7853-4DA1-9CCB-D713D52D0322}.Debug|Any CPU.Build.0 = Debug|Any CPU
		{4BCD91D9-7853-4DA1-9CCB-D713D52D0322}.Release|Any CPU.ActiveCfg = Release|Any CPU
		{4BCD91D9-7853-4DA1-9CCB-D713D52D0322}.Release|Any CPU.Build.0 = Release|Any CPU
	EndGlobalSection
	GlobalSection(SolutionProperties) = preSolution
		HideSolutionNode = FALSE
	EndGlobalSection
	GlobalSection(ExtensibilityGlobals) = postSolution
		SolutionGuid = {2EDDAE74-D264-418F-BF1A-73D6AA96A165}
	EndGlobalSection
EndGlobal
